// !$*UTF8*$!
{
	archiveVersion = 1;
	classes = {
	};
	objectVersion = 77;
	objects = {

/* Begin PBXBuildFile section */
		3EBD0C7EDD800FA443D888BA /* AutonomicState.swift in Sources */ = {isa = PBXBuildFile; fileRef = E87518493F691B82D92474E8 /* AutonomicState.swift */; };
		B10000000000000000000001 /* OpenPulseApp.swift in Sources */ = {isa = PBXBuildFile; fileRef = A10000000000000000000001 /* OpenPulseApp.swift */; };
		B10000000000000000000002 /* BLEConstants.swift in Sources */ = {isa = PBXBuildFile; fileRef = A10000000000000000000002 /* BLEConstants.swift */; };
		B10000000000000000000003 /* BluetoothManager.swift in Sources */ = {isa = PBXBuildFile; fileRef = A10000000000000000000003 /* BluetoothManager.swift */; };
		B10000000000000000000004 /* SessionViewModel.swift in Sources */ = {isa = PBXBuildFile; fileRef = A10000000000000000000004 /* SessionViewModel.swift */; };
		B10000000000000000000005 /* ContentView.swift in Sources */ = {isa = PBXBuildFile; fileRef = A10000000000000000000005 /* ContentView.swift */; };
		B10000000000000000000006 /* StatusBarView.swift in Sources */ = {isa = PBXBuildFile; fileRef = A10000000000000000000006 /* StatusBarView.swift */; };
		B10000000000000000000007 /* TimerCardView.swift in Sources */ = {isa = PBXBuildFile; fileRef = A10000000000000000000007 /* TimerCardView.swift */; };
		B10000000000000000000008 /* StrengthCardView.swift in Sources */ = {isa = PBXBuildFile; fileRef = A10000000000000000000008 /* StrengthCardView.swift */; };
		B10000000000000000000009 /* ActionButtonView.swift in Sources */ = {isa = PBXBuildFile; fileRef = A10000000000000000000009 /* ActionButtonView.swift */; };
		B1000000000000000000000A /* Theme.swift in Sources */ = {isa = PBXBuildFile; fileRef = A1000000000000000000000A /* Theme.swift */; };
		B1000000000000000000000B /* Assets.xcassets in Resources */ = {isa = PBXBuildFile; fileRef = A1000000000000000000000B /* Assets.xcassets */; };
		B1000000000000000000000C /* StimulationMode.swift in Sources */ = {isa = PBXBuildFile; fileRef = A1000000000000000000000D /* StimulationMode.swift */; };
		B1000000000000000000000D /* ModeEngine.swift in Sources */ = {isa = PBXBuildFile; fileRef = A1000000000000000000000E /* ModeEngine.swift */; };
		B1000000000000000000000E /* ModePicker.swift in Sources */ = {isa = PBXBuildFile; fileRef = A1000000000000000000000F /* ModePicker.swift */; };
		B1000000000000000000000F /* BreathingGuideView.swift in Sources */ = {isa = PBXBuildFile; fileRef = A10000000000000000000010 /* BreathingGuideView.swift */; };
		B10000000000000000000011 /* HeroTimerView.swift in Sources */ = {isa = PBXBuildFile; fileRef = A10000000000000000000011 /* HeroTimerView.swift */; };
		B10000000000000000000012 /* SessionSettingsRow.swift in Sources */ = {isa = PBXBuildFile; fileRef = A10000000000000000000012 /* SessionSettingsRow.swift */; };
		B10000000000000000000013 /* IdleSessionLayout.swift in Sources */ = {isa = PBXBuildFile; fileRef = A10000000000000000000013 /* IdleSessionLayout.swift */; };
		B10000000000000000000014 /* ActiveSessionLayout.swift in Sources */ = {isa = PBXBuildFile; fileRef = A10000000000000000000014 /* ActiveSessionLayout.swift */; };
		B10000000000000000000015 /* ChannelIndicatorView.swift in Sources */ = {isa = PBXBuildFile; fileRef = A10000000000000000000015 /* ChannelIndicatorView.swift */; };
		B10000000000000000000016 /* IntensityWaveView.swift in Sources */ = {isa = PBXBuildFile; fileRef = A10000000000000000000016 /* IntensityWaveView.swift */; };
		B20000000000000000000001 /* ModeEngineTests.swift in Sources */ = {isa = PBXBuildFile; fileRef = A20000000000000000000001 /* ModeEngineTests.swift */; };
		B20000000000000000000002 /* SessionViewModelTests.swift in Sources */ = {isa = PBXBuildFile; fileRef = A20000000000000000000002 /* SessionViewModelTests.swift */; };
/* End PBXBuildFile section */

/* Begin PBXContainerItemProxy section */
		CC0000000000000000000001 /* PBXContainerItemProxy */ = {
			isa = PBXContainerItemProxy;
			containerPortal = 330000000000000000000001 /* Project object */;
			proxyType = 1;
			remoteGlobalIDString = E10000000000000000000001;
			remoteInfo = OpenPulse;
		};
/* End PBXContainerItemProxy section */

/* Begin PBXFileReference section */
		A10000000000000000000001 /* OpenPulseApp.swift */ = {isa = PBXFileReference; lastKnownFileType = sourcecode.swift; path = OpenPulseApp.swift; sourceTree = "<group>"; };
		A10000000000000000000002 /* BLEConstants.swift */ = {isa = PBXFileReference; lastKnownFileType = sourcecode.swift; path = BLEConstants.swift; sourceTree = "<group>"; };
		A10000000000000000000003 /* BluetoothManager.swift */ = {isa = PBXFileReference; lastKnownFileType = sourcecode.swift; path = BluetoothManager.swift; sourceTree = "<group>"; };
		A10000000000000000000004 /* SessionViewModel.swift */ = {isa = PBXFileReference; lastKnownFileType = sourcecode.swift; path = SessionViewModel.swift; sourceTree = "<group>"; };
		A10000000000000000000005 /* ContentView.swift */ = {isa = PBXFileReference; lastKnownFileType = sourcecode.swift; path = ContentView.swift; sourceTree = "<group>"; };
		A10000000000000000000006 /* StatusBarView.swift */ = {isa = PBXFileReference; lastKnownFileType = sourcecode.swift; path = StatusBarView.swift; sourceTree = "<group>"; };
		A10000000000000000000007 /* TimerCardView.swift */ = {isa = PBXFileReference; lastKnownFileType = sourcecode.swift; path = TimerCardView.swift; sourceTree = "<group>"; };
		A10000000000000000000008 /* StrengthCardView.swift */ = {isa = PBXFileReference; lastKnownFileType = sourcecode.swift; path = StrengthCardView.swift; sourceTree = "<group>"; };
		A10000000000000000000009 /* ActionButtonView.swift */ = {isa = PBXFileReference; lastKnownFileType = sourcecode.swift; path = ActionButtonView.swift; sourceTree = "<group>"; };
		A1000000000000000000000A /* Theme.swift */ = {isa = PBXFileReference; lastKnownFileType = sourcecode.swift; path = Theme.swift; sourceTree = "<group>"; };
		A1000000000000000000000B /* Assets.xcassets */ = {isa = PBXFileReference; lastKnownFileType = folder.assetcatalog; path = Assets.xcassets; sourceTree = "<group>"; };
		A1000000000000000000000C /* Info.plist */ = {isa = PBXFileReference; lastKnownFileType = text.plist.xml; path = Info.plist; sourceTree = "<group>"; };
		A1000000000000000000000D /* StimulationMode.swift */ = {isa = PBXFileReference; lastKnownFileType = sourcecode.swift; path = StimulationMode.swift; sourceTree = "<group>"; };
		A1000000000000000000000E /* ModeEngine.swift */ = {isa = PBXFileReference; lastKnownFileType = sourcecode.swift; path = ModeEngine.swift; sourceTree = "<group>"; };
		A1000000000000000000000F /* ModePicker.swift */ = {isa = PBXFileReference; lastKnownFileType = sourcecode.swift; path = ModePicker.swift; sourceTree = "<group>"; };
		A10000000000000000000010 /* BreathingGuideView.swift */ = {isa = PBXFileReference; lastKnownFileType = sourcecode.swift; path = BreathingGuideView.swift; sourceTree = "<group>"; };
		A10000000000000000000011 /* HeroTimerView.swift */ = {isa = PBXFileReference; lastKnownFileType = sourcecode.swift; path = HeroTimerView.swift; sourceTree = "<group>"; };
		A10000000000000000000012 /* SessionSettingsRow.swift */ = {isa = PBXFileReference; lastKnownFileType = sourcecode.swift; path = SessionSettingsRow.swift; sourceTree = "<group>"; };
		A10000000000000000000013 /* IdleSessionLayout.swift */ = {isa = PBXFileReference; lastKnownFileType = sourcecode.swift; path = IdleSessionLayout.swift; sourceTree = "<group>"; };
		A10000000000000000000014 /* ActiveSessionLayout.swift */ = {isa = PBXFileReference; lastKnownFileType = sourcecode.swift; path = ActiveSessionLayout.swift; sourceTree = "<group>"; };
		A10000000000000000000015 /* ChannelIndicatorView.swift */ = {isa = PBXFileReference; lastKnownFileType = sourcecode.swift; path = ChannelIndicatorView.swift; sourceTree = "<group>"; };
		A10000000000000000000016 /* IntensityWaveView.swift */ = {isa = PBXFileReference; lastKnownFileType = sourcecode.swift; path = IntensityWaveView.swift; sourceTree = "<group>"; };
		A20000000000000000000001 /* ModeEngineTests.swift */ = {isa = PBXFileReference; lastKnownFileType = sourcecode.swift; path = ModeEngineTests.swift; sourceTree = "<group>"; };
		A20000000000000000000002 /* SessionViewModelTests.swift */ = {isa = PBXFileReference; lastKnownFileType = sourcecode.swift; path = SessionViewModelTests.swift; sourceTree = "<group>"; };
		D10000000000000000000001 /* OpenPulse.app */ = {isa = PBXFileReference; explicitFileType = wrapper.application; includeInIndex = 0; path = OpenPulse.app; sourceTree = BUILT_PRODUCTS_DIR; };
		D20000000000000000000001 /* OpenPulseTests.xctest */ = {isa = PBXFileReference; explicitFileType = wrapper.cfbundle; includeInIndex = 0; path = OpenPulseTests.xctest; sourceTree = BUILT_PRODUCTS_DIR; };
		E87518493F691B82D92474E8 /* AutonomicState.swift */ = {isa = PBXFileReference; includeInIndex = 1; lastKnownFileType = sourcecode.swift; path = AutonomicState.swift; sourceTree = "<group>"; };
/* End PBXFileReference section */

/* Begin PBXFrameworksBuildPhase section */
		220000000000000000000003 /* Frameworks */ = {
			isa = PBXFrameworksBuildPhase;
			buildActionMask = 2147483647;
			files = (
			);
			runOnlyForDeploymentPostprocessing = 0;
		};
		220000000000000000000013 /* Frameworks */ = {
			isa = PBXFrameworksBuildPhase;
			buildActionMask = 2147483647;
			files = (
			);
			runOnlyForDeploymentPostprocessing = 0;
		};
/* End PBXFrameworksBuildPhase section */

/* Begin PBXGroup section */
		C10000000000000000000001 = {
			isa = PBXGroup;
			children = (
				C10000000000000000000002 /* OpenPulse */,
				C10000000000000000000008 /* OpenPulseTests */,
				C10000000000000000000007 /* Products */,
			);
			sourceTree = "<group>";
		};
		C10000000000000000000002 /* OpenPulse */ = {
			isa = PBXGroup;
			children = (
				A10000000000000000000001 /* OpenPulseApp.swift */,
				A1000000000000000000000C /* Info.plist */,
				A1000000000000000000000B /* Assets.xcassets */,
				C10000000000000000000003 /* Models */,
				C10000000000000000000004 /* Services */,
				C10000000000000000000005 /* ViewModels */,
				C10000000000000000000006 /* Views */,
			);
			path = OpenPulse;
			sourceTree = "<group>";
		};
		C10000000000000000000003 /* Models */ = {
			isa = PBXGroup;
			children = (
				A10000000000000000000002 /* BLEConstants.swift */,
				A1000000000000000000000D /* StimulationMode.swift */,
				A1000000000000000000000E /* ModeEngine.swift */,
				E87518493F691B82D92474E8 /* AutonomicState.swift */,
			);
			path = Models;
			sourceTree = "<group>";
		};
		C10000000000000000000004 /* Services */ = {
			isa = PBXGroup;
			children = (
				A10000000000000000000003 /* BluetoothManager.swift */,
			);
			path = Services;
			sourceTree = "<group>";
		};
		C10000000000000000000005 /* ViewModels */ = {
			isa = PBXGroup;
			children = (
				A10000000000000000000004 /* SessionViewModel.swift */,
			);
			path = ViewModels;
			sourceTree = "<group>";
		};
		C10000000000000000000006 /* Views */ = {
			isa = PBXGroup;
			children = (
				A10000000000000000000005 /* ContentView.swift */,
				A10000000000000000000006 /* StatusBarView.swift */,
				A10000000000000000000007 /* TimerCardView.swift */,
				A10000000000000000000008 /* StrengthCardView.swift */,
				A10000000000000000000009 /* ActionButtonView.swift */,
				A1000000000000000000000A /* Theme.swift */,
				A1000000000000000000000F /* ModePicker.swift */,
				A10000000000000000000010 /* BreathingGuideView.swift */,
				A10000000000000000000011 /* HeroTimerView.swift */,
				A10000000000000000000012 /* SessionSettingsRow.swift */,
				A10000000000000000000013 /* IdleSessionLayout.swift */,
				A10000000000000000000014 /* ActiveSessionLayout.swift */,
				A10000000000000000000015 /* ChannelIndicatorView.swift */,
				A10000000000000000000016 /* IntensityWaveView.swift */,
			);
			path = Views;
			sourceTree = "<group>";
		};
		C10000000000000000000007 /* Products */ = {
			isa = PBXGroup;
			children = (
				D10000000000000000000001 /* OpenPulse.app */,
				D20000000000000000000001 /* OpenPulseTests.xctest */,
			);
			name = Products;
			sourceTree = "<group>";
		};
		C10000000000000000000008 /* OpenPulseTests */ = {
			isa = PBXGroup;
			children = (
				A20000000000000000000001 /* ModeEngineTests.swift */,
				A20000000000000000000002 /* SessionViewModelTests.swift */,
			);
			path = OpenPulseTests;
			sourceTree = "<group>";
		};
/* End PBXGroup section */

/* Begin PBXNativeTarget section */
		E10000000000000000000001 /* OpenPulse */ = {
			isa = PBXNativeTarget;
			buildConfigurationList = F10000000000000000000002 /* Build configuration list for PBXNativeTarget "OpenPulse" */;
			buildPhases = (
				220000000000000000000001 /* Sources */,
				220000000000000000000002 /* Resources */,
				220000000000000000000003 /* Frameworks */,
			);
			buildRules = (
			);
			dependencies = (
			);
			name = OpenPulse;
			productName = OpenPulse;
			productReference = D10000000000000000000001 /* OpenPulse.app */;
			productType = "com.apple.product-type.application";
		};
		E20000000000000000000001 /* OpenPulseTests */ = {
			isa = PBXNativeTarget;
			buildConfigurationList = F20000000000000000000001 /* Build configuration list for PBXNativeTarget "OpenPulseTests" */;
			buildPhases = (
				220000000000000000000011 /* Sources */,
				220000000000000000000013 /* Frameworks */,
			);
			buildRules = (
			);
			dependencies = (
				DD0000000000000000000001 /* PBXTargetDependency */,
			);
			name = OpenPulseTests;
			productName = OpenPulseTests;
			productReference = D20000000000000000000001 /* OpenPulseTests.xctest */;
			productType = "com.apple.product-type.bundle.unit-test";
		};
/* End PBXNativeTarget section */

/* Begin PBXProject section */
		330000000000000000000001 /* Project object */ = {
			isa = PBXProject;
			attributes = {
				BuildIndependentTargetsInParallel = 1;
				LastSwiftUpdateCheck = 1620;
				LastUpgradeCheck = 1620;
				TargetAttributes = {
					E20000000000000000000001 = {
						TestTargetID = E10000000000000000000001;
					};
				};
			};
			buildConfigurationList = F10000000000000000000001 /* Build configuration list for PBXProject "OpenPulse" */;
			developmentRegion = en;
			hasScannedForEncodings = 0;
			knownRegions = (
				en,
				Base,
			);
			mainGroup = C10000000000000000000001;
			minimizedProjectReferenceProxies = 1;
			preferredProjectObjectVersion = 77;
			productRefGroup = C10000000000000000000007 /* Products */;
			projectDirPath = "";
			projectRoot = "";
			targets = (
				E10000000000000000000001 /* OpenPulse */,
				E20000000000000000000001 /* OpenPulseTests */,
			);
		};
/* End PBXProject section */

/* Begin PBXResourcesBuildPhase section */
		220000000000000000000002 /* Resources */ = {
			isa = PBXResourcesBuildPhase;
			buildActionMask = 2147483647;
			files = (
				B1000000000000000000000B /* Assets.xcassets in Resources */,
			);
			runOnlyForDeploymentPostprocessing = 0;
		};
/* End PBXResourcesBuildPhase section */

/* Begin PBXSourcesBuildPhase section */
		220000000000000000000001 /* Sources */ = {
			isa = PBXSourcesBuildPhase;
			buildActionMask = 2147483647;
			files = (
				B10000000000000000000001 /* OpenPulseApp.swift in Sources */,
				B10000000000000000000002 /* BLEConstants.swift in Sources */,
				B10000000000000000000003 /* BluetoothManager.swift in Sources */,
				B10000000000000000000004 /* SessionViewModel.swift in Sources */,
				B10000000000000000000005 /* ContentView.swift in Sources */,
				B10000000000000000000006 /* StatusBarView.swift in Sources */,
				B10000000000000000000007 /* TimerCardView.swift in Sources */,
				B10000000000000000000008 /* StrengthCardView.swift in Sources */,
				B10000000000000000000009 /* ActionButtonView.swift in Sources */,
				B1000000000000000000000A /* Theme.swift in Sources */,
				B1000000000000000000000C /* StimulationMode.swift in Sources */,
				B1000000000000000000000D /* ModeEngine.swift in Sources */,
				B1000000000000000000000E /* ModePicker.swift in Sources */,
				B1000000000000000000000F /* BreathingGuideView.swift in Sources */,
				3EBD0C7EDD800FA443D888BA /* AutonomicState.swift in Sources */,
				B10000000000000000000011 /* HeroTimerView.swift in Sources */,
				B10000000000000000000012 /* SessionSettingsRow.swift in Sources */,
				B10000000000000000000013 /* IdleSessionLayout.swift in Sources */,
				B10000000000000000000014 /* ActiveSessionLayout.swift in Sources */,
				B10000000000000000000015 /* ChannelIndicatorView.swift in Sources */,
				B10000000000000000000016 /* IntensityWaveView.swift in Sources */,
			);
			runOnlyForDeploymentPostprocessing = 0;
		};
		220000000000000000000011 /* Sources */ = {
			isa = PBXSourcesBuildPhase;
			buildActionMask = 2147483647;
			files = (
				B20000000000000000000001 /* ModeEngineTests.swift in Sources */,
				B20000000000000000000002 /* SessionViewModelTests.swift in Sources */,
			);
			runOnlyForDeploymentPostprocessing = 0;
		};
/* End PBXSourcesBuildPhase section */

/* Begin PBXTargetDependency section */
		DD0000000000000000000001 /* PBXTargetDependency */ = {
			isa = PBXTargetDependency;
			target = E10000000000000000000001 /* OpenPulse */;
			targetProxy = CC0000000000000000000001 /* PBXContainerItemProxy */;
		};
/* End PBXTargetDependency section */

/* Begin XCBuildConfiguration section */
		110000000000000000000001 /* Debug */ = {
			isa = XCBuildConfiguration;
			buildSettings = {
				ALWAYS_SEARCH_USER_PATHS = NO;
				ASSETCATALOG_COMPILER_GENERATE_SWIFT_ASSET_SYMBOL_EXTENSIONS = YES;
				CLANG_ANALYZER_NONNULL = YES;
				CLANG_ANALYZER_NUMBER_OBJECT_CONVERSION = YES_AGGRESSIVE;
				CLANG_CXX_LANGUAGE_STANDARD = "gnu++20";
				CLANG_ENABLE_MODULES = YES;
				CLANG_ENABLE_OBJC_ARC = YES;
				CLANG_ENABLE_OBJC_WEAK = YES;
				CLANG_WARN_BLOCK_CAPTURE_AUTORELEASING = YES;
				CLANG_WARN_BOOL_CONVERSION = YES;
				CLANG_WARN_COMMA = YES;
				CLANG_WARN_CONSTANT_CONVERSION = YES;
				CLANG_WARN_DEPRECATED_OBJC_IMPLEMENTATIONS = YES;
				CLANG_WARN_DIRECT_OBJC_ISA_USAGE = YES_ERROR;
				CLANG_WARN_DOCUMENTATION_COMMENTS = YES;
				CLANG_WARN_EMPTY_BODY = YES;
				CLANG_WARN_ENUM_CONVERSION = YES;
				CLANG_WARN_INFINITE_RECURSION = YES;
				CLANG_WARN_INT_CONVERSION = YES;
				CLANG_WARN_NON_LITERAL_NULL_CONVERSION = YES;
				CLANG_WARN_OBJC_IMPLICIT_RETAIN_SELF = YES;
				CLANG_WARN_OBJC_LITERAL_CONVERSION = YES;
				CLANG_WARN_OBJC_ROOT_CLASS = YES_ERROR;
				CLANG_WARN_QUOTED_INCLUDE_IN_FRAMEWORK_HEADER = YES;
				CLANG_WARN_RANGE_LOOP_ANALYSIS = YES;
				CLANG_WARN_STRICT_PROTOTYPES = YES;
				CLANG_WARN_SUSPICIOUS_MOVE = YES;
				CLANG_WARN_UNGUARDED_AVAILABILITY = YES_AGGRESSIVE;
				CLANG_WARN_UNREACHABLE_CODE = YES;
				CLANG_WARN__DUPLICATE_METHOD_MATCH = YES;
				COPY_PHASE_STRIP = NO;
				DEBUG_INFORMATION_FORMAT = dwarf;
				ENABLE_STRICT_OBJC_MSGSEND = YES;
				ENABLE_TESTABILITY = YES;
				ENABLE_USER_SCRIPT_SANDBOXING = YES;
				GCC_C_LANGUAGE_STANDARD = gnu17;
				GCC_DYNAMIC_NO_PIC = NO;
				GCC_NO_COMMON_BLOCKS = YES;
				GCC_OPTIMIZATION_LEVEL = 0;
				GCC_PREPROCESSOR_DEFINITIONS = (
					"DEBUG=1",
					"$(inherited)",
				);
				GCC_WARN_64_TO_32_BIT_CONVERSION = YES;
				GCC_WARN_ABOUT_RETURN_TYPE = YES_ERROR;
				GCC_WARN_UNDECLARED_SELECTOR = YES;
				GCC_WARN_UNINITIALIZED_AUTOS = YES_AGGRESSIVE;
				GCC_WARN_UNUSED_FUNCTION = YES;
				GCC_WARN_UNUSED_VARIABLE = YES;
				IPHONEOS_DEPLOYMENT_TARGET = 26.0;
				LOCALIZATION_PREFERS_STRING_CATALOGS = YES;
				MTL_ENABLE_DEBUG_INFO = INCLUDE_SOURCE;
				MTL_FAST_MATH = YES;
				ONLY_ACTIVE_ARCH = YES;
				SDKROOT = iphoneos;
				SWIFT_ACTIVE_COMPILATION_CONDITIONS = "DEBUG $(inherited)";
				SWIFT_OPTIMIZATION_LEVEL = "-Onone";
				SWIFT_VERSION = 6.0;
			};
			name = Debug;
		};
		110000000000000000000002 /* Release */ = {
			isa = XCBuildConfiguration;
			buildSettings = {
				ALWAYS_SEARCH_USER_PATHS = NO;
				ASSETCATALOG_COMPILER_GENERATE_SWIFT_ASSET_SYMBOL_EXTENSIONS = YES;
				CLANG_ANALYZER_NONNULL = YES;
				CLANG_ANALYZER_NUMBER_OBJECT_CONVERSION = YES_AGGRESSIVE;
				CLANG_CXX_LANGUAGE_STANDARD = "gnu++20";
				CLANG_ENABLE_MODULES = YES;
				CLANG_ENABLE_OBJC_ARC = YES;
				CLANG_ENABLE_OBJC_WEAK = YES;
				CLANG_WARN_BLOCK_CAPTURE_AUTORELEASING = YES;
				CLANG_WARN_BOOL_CONVERSION = YES;
				CLANG_WARN_COMMA = YES;
				CLANG_WARN_CONSTANT_CONVERSION = YES;
				CLANG_WARN_DEPRECATED_OBJC_IMPLEMENTATIONS = YES;
				CLANG_WARN_DIRECT_OBJC_ISA_USAGE = YES_ERROR;
				CLANG_WARN_DOCUMENTATION_COMMENTS = YES;
				CLANG_WARN_EMPTY_BODY = YES;
				CLANG_WARN_ENUM_CONVERSION = YES;
				CLANG_WARN_INFINITE_RECURSION = YES;
				CLANG_WARN_INT_CONVERSION = YES;
				CLANG_WARN_NON_LITERAL_NULL_CONVERSION = YES;
				CLANG_WARN_OBJC_IMPLICIT_RETAIN_SELF = YES;
				CLANG_WARN_OBJC_LITERAL_CONVERSION = YES;
				CLANG_WARN_OBJC_ROOT_CLASS = YES_ERROR;
				CLANG_WARN_QUOTED_INCLUDE_IN_FRAMEWORK_HEADER = YES;
				CLANG_WARN_RANGE_LOOP_ANALYSIS = YES;
				CLANG_WARN_STRICT_PROTOTYPES = YES;
				CLANG_WARN_SUSPICIOUS_MOVE = YES;
				CLANG_WARN_UNGUARDED_AVAILABILITY = YES_AGGRESSIVE;
				CLANG_WARN_UNREACHABLE_CODE = YES;
				CLANG_WARN__DUPLICATE_METHOD_MATCH = YES;
				COPY_PHASE_STRIP = NO;
				DEBUG_INFORMATION_FORMAT = "dwarf-with-dsym";
				ENABLE_NS_ASSERTIONS = NO;
				ENABLE_STRICT_OBJC_MSGSEND = YES;
				ENABLE_USER_SCRIPT_SANDBOXING = YES;
				GCC_C_LANGUAGE_STANDARD = gnu17;
				GCC_NO_COMMON_BLOCKS = YES;
				GCC_WARN_64_TO_32_BIT_CONVERSION = YES;
				GCC_WARN_ABOUT_RETURN_TYPE = YES_ERROR;
				GCC_WARN_UNDECLARED_SELECTOR = YES;
				GCC_WARN_UNINITIALIZED_AUTOS = YES_AGGRESSIVE;
				GCC_WARN_UNUSED_FUNCTION = YES;
				GCC_WARN_UNUSED_VARIABLE = YES;
				IPHONEOS_DEPLOYMENT_TARGET = 26.0;
				LOCALIZATION_PREFERS_STRING_CATALOGS = YES;
				MTL_ENABLE_DEBUG_INFO = NO;
				MTL_FAST_MATH = YES;
				SDKROOT = iphoneos;
				SWIFT_COMPILATION_MODE = wholemodule;
				SWIFT_VERSION = 6.0;
				VALIDATE_PRODUCT = YES;
			};
			name = Release;
		};
		110000000000000000000003 /* Debug */ = {
			isa = XCBuildConfiguration;
			buildSettings = {
				ASSETCATALOG_COMPILER_APPICON_NAME = AppIcon;
				ASSETCATALOG_COMPILER_GLOBAL_ACCENT_COLOR_NAME = AccentColor;
				CODE_SIGN_STYLE = Automatic;
				CURRENT_PROJECT_VERSION = 1;
				DEVELOPMENT_TEAM = T93925EZUT;
				GENERATE_INFOPLIST_FILE = YES;
				INFOPLIST_FILE = OpenPulse/Info.plist;
				INFOPLIST_KEY_CFBundleDisplayName = "Open Pulse";
				INFOPLIST_KEY_LSApplicationCategoryType = "public.app-category.healthcare-fitness";
				INFOPLIST_KEY_NSBluetoothAlwaysUsageDescription = "Open Pulse needs Bluetooth to connect to your Pulsetto device for vagal stimulation sessions.";
				INFOPLIST_KEY_UIApplicationSceneManifest_Generation = YES;
				INFOPLIST_KEY_UIApplicationSupportsIndirectInputEvents = YES;
				INFOPLIST_KEY_UILaunchScreen_Generation = YES;
				INFOPLIST_KEY_UISupportedInterfaceOrientations_iPad = "UIInterfaceOrientationPortrait UIInterfaceOrientationPortraitUpsideDown UIInterfaceOrientationLandscapeLeft UIInterfaceOrientationLandscapeRight";
				INFOPLIST_KEY_UISupportedInterfaceOrientations_iPhone = "UIInterfaceOrientationPortrait UIInterfaceOrientationLandscapeLeft UIInterfaceOrientationLandscapeRight";
				LD_RUNPATH_SEARCH_PATHS = (
					"$(inherited)",
					"@executable_path/Frameworks",
				);
				MARKETING_VERSION = 1.0;
				PRODUCT_BUNDLE_IDENTIFIER = io.github.stefanpenner.OpenPulse;
				PRODUCT_NAME = "$(TARGET_NAME)";
				SUPPORTED_PLATFORMS = "iphoneos iphonesimulator";
				SUPPORTS_MACCATALYST = NO;
				SWIFT_EMIT_LOC_STRINGS = YES;
				SWIFT_STRICT_CONCURRENCY = complete;
				SWIFT_VERSION = 6.0;
				TARGETED_DEVICE_FAMILY = "1,2";
			};
			name = Debug;
		};
		110000000000000000000004 /* Release */ = {
			isa = XCBuildConfiguration;
			buildSettings = {
				ASSETCATALOG_COMPILER_APPICON_NAME = AppIcon;
				ASSETCATALOG_COMPILER_GLOBAL_ACCENT_COLOR_NAME = AccentColor;
				CODE_SIGN_STYLE = Automatic;
				CURRENT_PROJECT_VERSION = 1;
				DEVELOPMENT_TEAM = T93925EZUT;
				GENERATE_INFOPLIST_FILE = YES;
				INFOPLIST_FILE = OpenPulse/Info.plist;
				INFOPLIST_KEY_CFBundleDisplayName = "Open Pulse";
				INFOPLIST_KEY_LSApplicationCategoryType = "public.app-category.healthcare-fitness";
				INFOPLIST_KEY_NSBluetoothAlwaysUsageDescription = "Open Pulse needs Bluetooth to connect to your Pulsetto device for vagal stimulation sessions.";
				INFOPLIST_KEY_UIApplicationSceneManifest_Generation = YES;
				INFOPLIST_KEY_UIApplicationSupportsIndirectInputEvents = YES;
				INFOPLIST_KEY_UILaunchScreen_Generation = YES;
				INFOPLIST_KEY_UISupportedInterfaceOrientations_iPad = "UIInterfaceOrientationPortrait UIInterfaceOrientationPortraitUpsideDown UIInterfaceOrientationLandscapeLeft UIInterfaceOrientationLandscapeRight";
				INFOPLIST_KEY_UISupportedInterfaceOrientations_iPhone = "UIInterfaceOrientationPortrait UIInterfaceOrientationLandscapeLeft UIInterfaceOrientationLandscapeRight";
				LD_RUNPATH_SEARCH_PATHS = (
					"$(inherited)",
					"@executable_path/Frameworks",
				);
				MARKETING_VERSION = 1.0;
				PRODUCT_BUNDLE_IDENTIFIER = io.github.stefanpenner.OpenPulse;
				PRODUCT_NAME = "$(TARGET_NAME)";
				SUPPORTED_PLATFORMS = "iphoneos iphonesimulator";
				SUPPORTS_MACCATALYST = NO;
				SWIFT_EMIT_LOC_STRINGS = YES;
				SWIFT_STRICT_CONCURRENCY = complete;
				SWIFT_VERSION = 6.0;
				TARGETED_DEVICE_FAMILY = "1,2";
			};
			name = Release;
		};
		110000000000000000000005 /* Debug */ = {
			isa = XCBuildConfiguration;
			buildSettings = {
				BUNDLE_LOADER = "$(TEST_HOST)";
				CODE_SIGN_STYLE = Automatic;
				CURRENT_PROJECT_VERSION = 1;
				DEVELOPMENT_TEAM = T93925EZUT;
				GENERATE_INFOPLIST_FILE = YES;
				IPHONEOS_DEPLOYMENT_TARGET = 26.0;
				MARKETING_VERSION = 1.0;
				PRODUCT_BUNDLE_IDENTIFIER = io.github.stefanpenner.OpenPulseTests;
				PRODUCT_NAME = "$(TARGET_NAME)";
				SUPPORTED_PLATFORMS = "iphoneos iphonesimulator";
				SUPPORTS_MACCATALYST = NO;
				SWIFT_EMIT_LOC_STRINGS = NO;
				SWIFT_STRICT_CONCURRENCY = complete;
				SWIFT_VERSION = 6.0;
				TARGETED_DEVICE_FAMILY = "1,2";
				TEST_HOST = "$(BUILT_PRODUCTS_DIR)/OpenPulse.app/$(BUNDLE_EXECUTABLE_FOLDER_PATH)/OpenPulse";
			};
			name = Debug;
		};
		110000000000000000000006 /* Release */ = {
			isa = XCBuildConfiguration;
			buildSettings = {
				BUNDLE_LOADER = "$(TEST_HOST)";
				CODE_SIGN_STYLE = Automatic;
				CURRENT_PROJECT_VERSION = 1;
				DEVELOPMENT_TEAM = T93925EZUT;
				GENERATE_INFOPLIST_FILE = YES;
				IPHONEOS_DEPLOYMENT_TARGET = 26.0;
				MARKETING_VERSION = 1.0;
				PRODUCT_BUNDLE_IDENTIFIER = io.github.stefanpenner.OpenPulseTests;
				PRODUCT_NAME = "$(TARGET_NAME)";
				SUPPORTED_PLATFORMS = "iphoneos iphonesimulator";
				SUPPORTS_MACCATALYST = NO;
				SWIFT_EMIT_LOC_STRINGS = NO;
				SWIFT_STRICT_CONCURRENCY = complete;
				SWIFT_VERSION = 6.0;
				TARGETED_DEVICE_FAMILY = "1,2";
				TEST_HOST = "$(BUILT_PRODUCTS_DIR)/OpenPulse.app/$(BUNDLE_EXECUTABLE_FOLDER_PATH)/OpenPulse";
			};
			name = Release;
		};
/* End XCBuildConfiguration section */

/* Begin XCConfigurationList section */
		F10000000000000000000001 /* Build configuration list for PBXProject "OpenPulse" */ = {
			isa = XCConfigurationList;
			buildConfigurations = (
				110000000000000000000001 /* Debug */,
				110000000000000000000002 /* Release */,
			);
			defaultConfigurationIsVisible = 0;
			defaultConfigurationName = Release;
		};
		F10000000000000000000002 /* Build configuration list for PBXNativeTarget "OpenPulse" */ = {
			isa = XCConfigurationList;
			buildConfigurations = (
				110000000000000000000003 /* Debug */,
				110000000000000000000004 /* Release */,
			);
			defaultConfigurationIsVisible = 0;
			defaultConfigurationName = Release;
		};
		F20000000000000000000001 /* Build configuration list for PBXNativeTarget "OpenPulseTests" */ = {
			isa = XCConfigurationList;
			buildConfigurations = (
				110000000000000000000005 /* Debug */,
				110000000000000000000006 /* Release */,
			);
			defaultConfigurationIsVisible = 0;
			defaultConfigurationName = Release;
		};
/* End XCConfigurationList section */
	};
	rootObject = 330000000000000000000001 /* Project object */;
}
